// !$*UTF8*$!
{
	archiveVersion = 1;
	classes = {
	};
	objectVersion = 56;
	objects = {

/* Begin PBXBuildFile section */
		650AC1FF2AD408F7008FBF2C /* StandupsApp.swift in Sources */ = {isa = PBXBuildFile; fileRef = 650AC1FE2AD408F7008FBF2C /* StandupsApp.swift */; };
		650AC2012AD408F7008FBF2C /* ContentView.swift in Sources */ = {isa = PBXBuildFile; fileRef = 650AC2002AD408F7008FBF2C /* ContentView.swift */; };
		650AC2032AD408F8008FBF2C /* Assets.xcassets in Resources */ = {isa = PBXBuildFile; fileRef = 650AC2022AD408F8008FBF2C /* Assets.xcassets */; };
		650AC2062AD408F8008FBF2C /* Preview Assets.xcassets in Resources */ = {isa = PBXBuildFile; fileRef = 650AC2052AD408F8008FBF2C /* Preview Assets.xcassets */; };
		650AC2102AD408F8008FBF2C /* StandupsTests.swift in Sources */ = {isa = PBXBuildFile; fileRef = 650AC20F2AD408F8008FBF2C /* StandupsTests.swift */; };
		650AC2292AD409FC008FBF2C /* StandupsList.swift in Sources */ = {isa = PBXBuildFile; fileRef = 650AC2282AD409FC008FBF2C /* StandupsList.swift */; };
		650AC22B2AD40AC0008FBF2C /* Models.swift in Sources */ = {isa = PBXBuildFile; fileRef = 650AC22A2AD40AC0008FBF2C /* Models.swift */; };
		650AC22E2AD40B21008FBF2C /* Tagged in Frameworks */ = {isa = PBXBuildFile; productRef = 650AC22D2AD40B21008FBF2C /* Tagged */; };
		650AC2312AD421BE008FBF2C /* SwiftUINavigation in Frameworks */ = {isa = PBXBuildFile; productRef = 650AC2302AD421BE008FBF2C /* SwiftUINavigation */; };
		650AC2332AD42405008FBF2C /* EditStandup.swift in Sources */ = {isa = PBXBuildFile; fileRef = 650AC2322AD42405008FBF2C /* EditStandup.swift */; };
		6533A1712AD4736000E1A2E6 /* EditStandupTests.swift in Sources */ = {isa = PBXBuildFile; fileRef = 6533A1702AD4736000E1A2E6 /* EditStandupTests.swift */; };
		6533A1732AD52AA600E1A2E6 /* StandupDetail.swift in Sources */ = {isa = PBXBuildFile; fileRef = 6533A1722AD52AA600E1A2E6 /* StandupDetail.swift */; };
		656A0B632AD6FE1B002DB9B0 /* README.md in Resources */ = {isa = PBXBuildFile; fileRef = 656A0B622AD6FE1B002DB9B0 /* README.md */; };
		65CBEAEC2AD67CE700F69DC1 /* IdentifiedCollections in Frameworks */ = {isa = PBXBuildFile; productRef = 65CBEAEB2AD67CE700F69DC1 /* IdentifiedCollections */; };
		65CBEAEE2AD6816600F69DC1 /* RecordMetting.swift in Sources */ = {isa = PBXBuildFile; fileRef = 65CBEAED2AD6816600F69DC1 /* RecordMetting.swift */; };
/* End PBXBuildFile section */

/* Begin PBXContainerItemProxy section */
		650AC20C2AD408F8008FBF2C /* PBXContainerItemProxy */ = {
			isa = PBXContainerItemProxy;
			containerPortal = 650AC1F32AD408F6008FBF2C /* Project object */;
			proxyType = 1;
			remoteGlobalIDString = 650AC1FA2AD408F7008FBF2C;
			remoteInfo = Standups;
		};
/* End PBXContainerItemProxy section */

/* Begin PBXFileReference section */
		650AC1FB2AD408F7008FBF2C /* Standups.app */ = {isa = PBXFileReference; explicitFileType = wrapper.application; includeInIndex = 0; path = Standups.app; sourceTree = BUILT_PRODUCTS_DIR; };
		650AC1FE2AD408F7008FBF2C /* StandupsApp.swift */ = {isa = PBXFileReference; lastKnownFileType = sourcecode.swift; path = StandupsApp.swift; sourceTree = "<group>"; };
		650AC2002AD408F7008FBF2C /* ContentView.swift */ = {isa = PBXFileReference; lastKnownFileType = sourcecode.swift; path = ContentView.swift; sourceTree = "<group>"; };
		650AC2022AD408F8008FBF2C /* Assets.xcassets */ = {isa = PBXFileReference; lastKnownFileType = folder.assetcatalog; path = Assets.xcassets; sourceTree = "<group>"; };
		650AC2052AD408F8008FBF2C /* Preview Assets.xcassets */ = {isa = PBXFileReference; lastKnownFileType = folder.assetcatalog; path = "Preview Assets.xcassets"; sourceTree = "<group>"; };
		650AC20B2AD408F8008FBF2C /* StandupsTests.xctest */ = {isa = PBXFileReference; explicitFileType = wrapper.cfbundle; includeInIndex = 0; path = StandupsTests.xctest; sourceTree = BUILT_PRODUCTS_DIR; };
		650AC20F2AD408F8008FBF2C /* StandupsTests.swift */ = {isa = PBXFileReference; lastKnownFileType = sourcecode.swift; path = StandupsTests.swift; sourceTree = "<group>"; };
		650AC2282AD409FC008FBF2C /* StandupsList.swift */ = {isa = PBXFileReference; lastKnownFileType = sourcecode.swift; path = StandupsList.swift; sourceTree = "<group>"; };
		650AC22A2AD40AC0008FBF2C /* Models.swift */ = {isa = PBXFileReference; lastKnownFileType = sourcecode.swift; path = Models.swift; sourceTree = "<group>"; };
		650AC2322AD42405008FBF2C /* EditStandup.swift */ = {isa = PBXFileReference; lastKnownFileType = sourcecode.swift; path = EditStandup.swift; sourceTree = "<group>"; };
		6533A1702AD4736000E1A2E6 /* EditStandupTests.swift */ = {isa = PBXFileReference; lastKnownFileType = sourcecode.swift; path = EditStandupTests.swift; sourceTree = "<group>"; };
		6533A1722AD52AA600E1A2E6 /* StandupDetail.swift */ = {isa = PBXFileReference; lastKnownFileType = sourcecode.swift; path = StandupDetail.swift; sourceTree = "<group>"; };
		656A0B622AD6FE1B002DB9B0 /* README.md */ = {isa = PBXFileReference; lastKnownFileType = net.daringfireball.markdown; path = README.md; sourceTree = "<group>"; };
		65CBEAED2AD6816600F69DC1 /* RecordMetting.swift */ = {isa = PBXFileReference; lastKnownFileType = sourcecode.swift; path = RecordMetting.swift; sourceTree = "<group>"; };
/* End PBXFileReference section */

/* Begin PBXFrameworksBuildPhase section */
		650AC1F82AD408F7008FBF2C /* Frameworks */ = {
			isa = PBXFrameworksBuildPhase;
			buildActionMask = 2147483647;
			files = (
				65CBEAEC2AD67CE700F69DC1 /* IdentifiedCollections in Frameworks */,
				650AC2312AD421BE008FBF2C /* SwiftUINavigation in Frameworks */,
				650AC22E2AD40B21008FBF2C /* Tagged in Frameworks */,
			);
			runOnlyForDeploymentPostprocessing = 0;
		};
		650AC2082AD408F8008FBF2C /* Frameworks */ = {
			isa = PBXFrameworksBuildPhase;
			buildActionMask = 2147483647;
			files = (
			);
			runOnlyForDeploymentPostprocessing = 0;
		};
/* End PBXFrameworksBuildPhase section */

/* Begin PBXGroup section */
		650AC1F22AD408F6008FBF2C = {
			isa = PBXGroup;
			children = (
				656A0B622AD6FE1B002DB9B0 /* README.md */,
				650AC1FD2AD408F7008FBF2C /* Standups */,
				650AC20E2AD408F8008FBF2C /* StandupsTests */,
				650AC1FC2AD408F7008FBF2C /* Products */,
			);
			sourceTree = "<group>";
		};
		650AC1FC2AD408F7008FBF2C /* Products */ = {
			isa = PBXGroup;
			children = (
				650AC1FB2AD408F7008FBF2C /* Standups.app */,
				650AC20B2AD408F8008FBF2C /* StandupsTests.xctest */,
			);
			name = Products;
			sourceTree = "<group>";
		};
		650AC1FD2AD408F7008FBF2C /* Standups */ = {
			isa = PBXGroup;
			children = (
				650AC2282AD409FC008FBF2C /* StandupsList.swift */,
				6533A1722AD52AA600E1A2E6 /* StandupDetail.swift */,
				65CBEAED2AD6816600F69DC1 /* RecordMetting.swift */,
				650AC1FE2AD408F7008FBF2C /* StandupsApp.swift */,
				650AC2322AD42405008FBF2C /* EditStandup.swift */,
				650AC2002AD408F7008FBF2C /* ContentView.swift */,
				650AC22A2AD40AC0008FBF2C /* Models.swift */,
				650AC2022AD408F8008FBF2C /* Assets.xcassets */,
				650AC2042AD408F8008FBF2C /* Preview Content */,
			);
			path = Standups;
			sourceTree = "<group>";
		};
		650AC2042AD408F8008FBF2C /* Preview Content */ = {
			isa = PBXGroup;
			children = (
				650AC2052AD408F8008FBF2C /* Preview Assets.xcassets */,
			);
			path = "Preview Content";
			sourceTree = "<group>";
		};
		650AC20E2AD408F8008FBF2C /* StandupsTests */ = {
			isa = PBXGroup;
			children = (
				650AC20F2AD408F8008FBF2C /* StandupsTests.swift */,
				6533A1702AD4736000E1A2E6 /* EditStandupTests.swift */,
			);
			path = StandupsTests;
			sourceTree = "<group>";
		};
/* End PBXGroup section */

/* Begin PBXNativeTarget section */
		650AC1FA2AD408F7008FBF2C /* Standups */ = {
			isa = PBXNativeTarget;
			buildConfigurationList = 650AC21F2AD408F8008FBF2C /* Build configuration list for PBXNativeTarget "Standups" */;
			buildPhases = (
				650AC1F72AD408F7008FBF2C /* Sources */,
				650AC1F82AD408F7008FBF2C /* Frameworks */,
				650AC1F92AD408F7008FBF2C /* Resources */,
			);
			buildRules = (
			);
			dependencies = (
			);
			name = Standups;
			packageProductDependencies = (
				650AC22D2AD40B21008FBF2C /* Tagged */,
				650AC2302AD421BE008FBF2C /* SwiftUINavigation */,
				65CBEAEB2AD67CE700F69DC1 /* IdentifiedCollections */,
			);
			productName = Standups;
			productReference = 650AC1FB2AD408F7008FBF2C /* Standups.app */;
			productType = "com.apple.product-type.application";
		};
		650AC20A2AD408F8008FBF2C /* StandupsTests */ = {
			isa = PBXNativeTarget;
			buildConfigurationList = 650AC2222AD408F8008FBF2C /* Build configuration list for PBXNativeTarget "StandupsTests" */;
			buildPhases = (
				650AC2072AD408F8008FBF2C /* Sources */,
				650AC2082AD408F8008FBF2C /* Frameworks */,
				650AC2092AD408F8008FBF2C /* Resources */,
			);
			buildRules = (
			);
			dependencies = (
				650AC20D2AD408F8008FBF2C /* PBXTargetDependency */,
			);
			name = StandupsTests;
			productName = StandupsTests;
			productReference = 650AC20B2AD408F8008FBF2C /* StandupsTests.xctest */;
			productType = "com.apple.product-type.bundle.unit-test";
		};
/* End PBXNativeTarget section */

/* Begin PBXProject section */
		650AC1F32AD408F6008FBF2C /* Project object */ = {
			isa = PBXProject;
			attributes = {
				BuildIndependentTargetsInParallel = 1;
				LastSwiftUpdateCheck = 1500;
				LastUpgradeCheck = 1500;
				TargetAttributes = {
					650AC1FA2AD408F7008FBF2C = {
						CreatedOnToolsVersion = 15.0;
					};
					650AC20A2AD408F8008FBF2C = {
						CreatedOnToolsVersion = 15.0;
						TestTargetID = 650AC1FA2AD408F7008FBF2C;
					};
				};
			};
			buildConfigurationList = 650AC1F62AD408F6008FBF2C /* Build configuration list for PBXProject "Standups" */;
			compatibilityVersion = "Xcode 14.0";
			developmentRegion = en;
			hasScannedForEncodings = 0;
			knownRegions = (
				en,
				Base,
			);
			mainGroup = 650AC1F22AD408F6008FBF2C;
			packageReferences = (
				650AC22C2AD40B21008FBF2C /* XCRemoteSwiftPackageReference "swift-tagged" */,
				650AC22F2AD421BE008FBF2C /* XCRemoteSwiftPackageReference "swiftui-navigation" */,
				65CBEAEA2AD67CE700F69DC1 /* XCRemoteSwiftPackageReference "swift-identified-collections" */,
			);
			productRefGroup = 650AC1FC2AD408F7008FBF2C /* Products */;
			projectDirPath = "";
			projectRoot = "";
			targets = (
				650AC1FA2AD408F7008FBF2C /* Standups */,
				650AC20A2AD408F8008FBF2C /* StandupsTests */,
			);
		};
/* End PBXProject section */

/* Begin PBXResourcesBuildPhase section */
		650AC1F92AD408F7008FBF2C /* Resources */ = {
			isa = PBXResourcesBuildPhase;
			buildActionMask = 2147483647;
			files = (
				656A0B632AD6FE1B002DB9B0 /* README.md in Resources */,
				650AC2062AD408F8008FBF2C /* Preview Assets.xcassets in Resources */,
				650AC2032AD408F8008FBF2C /* Assets.xcassets in Resources */,
			);
			runOnlyForDeploymentPostprocessing = 0;
		};
		650AC2092AD408F8008FBF2C /* Resources */ = {
			isa = PBXResourcesBuildPhase;
			buildActionMask = 2147483647;
			files = (
			);
			runOnlyForDeploymentPostprocessing = 0;
		};
/* End PBXResourcesBuildPhase section */

/* Begin PBXSourcesBuildPhase section */
		650AC1F72AD408F7008FBF2C /* Sources */ = {
			isa = PBXSourcesBuildPhase;
			buildActionMask = 2147483647;
			files = (
				650AC2332AD42405008FBF2C /* EditStandup.swift in Sources */,
				650AC2012AD408F7008FBF2C /* ContentView.swift in Sources */,
				6533A1732AD52AA600E1A2E6 /* StandupDetail.swift in Sources */,
				65CBEAEE2AD6816600F69DC1 /* RecordMetting.swift in Sources */,
				650AC2292AD409FC008FBF2C /* StandupsList.swift in Sources */,
				650AC1FF2AD408F7008FBF2C /* StandupsApp.swift in Sources */,
				650AC22B2AD40AC0008FBF2C /* Models.swift in Sources */,
			);
			runOnlyForDeploymentPostprocessing = 0;
		};
		650AC2072AD408F8008FBF2C /* Sources */ = {
			isa = PBXSourcesBuildPhase;
			buildActionMask = 2147483647;
			files = (
				650AC2102AD408F8008FBF2C /* StandupsTests.swift in Sources */,
				6533A1712AD4736000E1A2E6 /* EditStandupTests.swift in Sources */,
			);
			runOnlyForDeploymentPostprocessing = 0;
		};
/* End PBXSourcesBuildPhase section */

/* Begin PBXTargetDependency section */
		650AC20D2AD408F8008FBF2C /* PBXTargetDependency */ = {
			isa = PBXTargetDependency;
			target = 650AC1FA2AD408F7008FBF2C /* Standups */;
			targetProxy = 650AC20C2AD408F8008FBF2C /* PBXContainerItemProxy */;
		};
/* End PBXTargetDependency section */

/* Begin XCBuildConfiguration section */
		650AC21D2AD408F8008FBF2C /* Debug */ = {
			isa = XCBuildConfiguration;
			buildSettings = {
				ALWAYS_SEARCH_USER_PATHS = NO;
				ASSETCATALOG_COMPILER_GENERATE_SWIFT_ASSET_SYMBOL_EXTENSIONS = YES;
				CLANG_ANALYZER_NONNULL = YES;
				CLANG_ANALYZER_NUMBER_OBJECT_CONVERSION = YES_AGGRESSIVE;
				CLANG_CXX_LANGUAGE_STANDARD = "gnu++20";
				CLANG_ENABLE_MODULES = YES;
				CLANG_ENABLE_OBJC_ARC = YES;
				CLANG_ENABLE_OBJC_WEAK = YES;
				CLANG_WARN_BLOCK_CAPTURE_AUTORELEASING = YES;
				CLANG_WARN_BOOL_CONVERSION = YES;
				CLANG_WARN_COMMA = YES;
				CLANG_WARN_CONSTANT_CONVERSION = YES;
				CLANG_WARN_DEPRECATED_OBJC_IMPLEMENTATIONS = YES;
				CLANG_WARN_DIRECT_OBJC_ISA_USAGE = YES_ERROR;
				CLANG_WARN_DOCUMENTATION_COMMENTS = YES;
				CLANG_WARN_EMPTY_BODY = YES;
				CLANG_WARN_ENUM_CONVERSION = YES;
				CLANG_WARN_INFINITE_RECURSION = YES;
				CLANG_WARN_INT_CONVERSION = YES;
				CLANG_WARN_NON_LITERAL_NULL_CONVERSION = YES;
				CLANG_WARN_OBJC_IMPLICIT_RETAIN_SELF = YES;
				CLANG_WARN_OBJC_LITERAL_CONVERSION = YES;
				CLANG_WARN_OBJC_ROOT_CLASS = YES_ERROR;
				CLANG_WARN_QUOTED_INCLUDE_IN_FRAMEWORK_HEADER = YES;
				CLANG_WARN_RANGE_LOOP_ANALYSIS = YES;
				CLANG_WARN_STRICT_PROTOTYPES = YES;
				CLANG_WARN_SUSPICIOUS_MOVE = YES;
				CLANG_WARN_UNGUARDED_AVAILABILITY = YES_AGGRESSIVE;
				CLANG_WARN_UNREACHABLE_CODE = YES;
				CLANG_WARN__DUPLICATE_METHOD_MATCH = YES;
				COPY_PHASE_STRIP = NO;
				DEBUG_INFORMATION_FORMAT = dwarf;
				ENABLE_STRICT_OBJC_MSGSEND = YES;
				ENABLE_TESTABILITY = YES;
				ENABLE_USER_SCRIPT_SANDBOXING = YES;
				GCC_C_LANGUAGE_STANDARD = gnu17;
				GCC_DYNAMIC_NO_PIC = NO;
				GCC_NO_COMMON_BLOCKS = YES;
				GCC_OPTIMIZATION_LEVEL = 0;
				GCC_PREPROCESSOR_DEFINITIONS = (
					"DEBUG=1",
					"$(inherited)",
				);
				GCC_WARN_64_TO_32_BIT_CONVERSION = YES;
				GCC_WARN_ABOUT_RETURN_TYPE = YES_ERROR;
				GCC_WARN_UNDECLARED_SELECTOR = YES;
				GCC_WARN_UNINITIALIZED_AUTOS = YES_AGGRESSIVE;
				GCC_WARN_UNUSED_FUNCTION = YES;
				GCC_WARN_UNUSED_VARIABLE = YES;
				IPHONEOS_DEPLOYMENT_TARGET = 17.0;
				LOCALIZATION_PREFERS_STRING_CATALOGS = YES;
				MTL_ENABLE_DEBUG_INFO = INCLUDE_SOURCE;
				MTL_FAST_MATH = YES;
				ONLY_ACTIVE_ARCH = YES;
				SDKROOT = iphoneos;
				SWIFT_ACTIVE_COMPILATION_CONDITIONS = "DEBUG $(inherited)";
				SWIFT_OPTIMIZATION_LEVEL = "-Onone";
			};
			name = Debug;
		};
		650AC21E2AD408F8008FBF2C /* Release */ = {
			isa = XCBuildConfiguration;
			buildSettings = {
				ALWAYS_SEARCH_USER_PATHS = NO;
				ASSETCATALOG_COMPILER_GENERATE_SWIFT_ASSET_SYMBOL_EXTENSIONS = YES;
				CLANG_ANALYZER_NONNULL = YES;
				CLANG_ANALYZER_NUMBER_OBJECT_CONVERSION = YES_AGGRESSIVE;
				CLANG_CXX_LANGUAGE_STANDARD = "gnu++20";
				CLANG_ENABLE_MODULES = YES;
				CLANG_ENABLE_OBJC_ARC = YES;
				CLANG_ENABLE_OBJC_WEAK = YES;
				CLANG_WARN_BLOCK_CAPTURE_AUTORELEASING = YES;
				CLANG_WARN_BOOL_CONVERSION = YES;
				CLANG_WARN_COMMA = YES;
				CLANG_WARN_CONSTANT_CONVERSION = YES;
				CLANG_WARN_DEPRECATED_OBJC_IMPLEMENTATIONS = YES;
				CLANG_WARN_DIRECT_OBJC_ISA_USAGE = YES_ERROR;
				CLANG_WARN_DOCUMENTATION_COMMENTS = YES;
				CLANG_WARN_EMPTY_BODY = YES;
				CLANG_WARN_ENUM_CONVERSION = YES;
				CLANG_WARN_INFINITE_RECURSION = YES;
				CLANG_WARN_INT_CONVERSION = YES;
				CLANG_WARN_NON_LITERAL_NULL_CONVERSION = YES;
				CLANG_WARN_OBJC_IMPLICIT_RETAIN_SELF = YES;
				CLANG_WARN_OBJC_LITERAL_CONVERSION = YES;
				CLANG_WARN_OBJC_ROOT_CLASS = YES_ERROR;
				CLANG_WARN_QUOTED_INCLUDE_IN_FRAMEWORK_HEADER = YES;
				CLANG_WARN_RANGE_LOOP_ANALYSIS = YES;
				CLANG_WARN_STRICT_PROTOTYPES = YES;
				CLANG_WARN_SUSPICIOUS_MOVE = YES;
				CLANG_WARN_UNGUARDED_AVAILABILITY = YES_AGGRESSIVE;
				CLANG_WARN_UNREACHABLE_CODE = YES;
				CLANG_WARN__DUPLICATE_METHOD_MATCH = YES;
				COPY_PHASE_STRIP = NO;
				DEBUG_INFORMATION_FORMAT = "dwarf-with-dsym";
				ENABLE_NS_ASSERTIONS = NO;
				ENABLE_STRICT_OBJC_MSGSEND = YES;
				ENABLE_USER_SCRIPT_SANDBOXING = YES;
				GCC_C_LANGUAGE_STANDARD = gnu17;
				GCC_NO_COMMON_BLOCKS = YES;
				GCC_WARN_64_TO_32_BIT_CONVERSION = YES;
				GCC_WARN_ABOUT_RETURN_TYPE = YES_ERROR;
				GCC_WARN_UNDECLARED_SELECTOR = YES;
				GCC_WARN_UNINITIALIZED_AUTOS = YES_AGGRESSIVE;
				GCC_WARN_UNUSED_FUNCTION = YES;
				GCC_WARN_UNUSED_VARIABLE = YES;
				IPHONEOS_DEPLOYMENT_TARGET = 17.0;
				LOCALIZATION_PREFERS_STRING_CATALOGS = YES;
				MTL_ENABLE_DEBUG_INFO = NO;
				MTL_FAST_MATH = YES;
				SDKROOT = iphoneos;
				SWIFT_COMPILATION_MODE = wholemodule;
				VALIDATE_PRODUCT = YES;
			};
			name = Release;
		};
		650AC2202AD408F8008FBF2C /* Debug */ = {
			isa = XCBuildConfiguration;
			buildSettings = {
				ASSETCATALOG_COMPILER_APPICON_NAME = AppIcon;
				ASSETCATALOG_COMPILER_GLOBAL_ACCENT_COLOR_NAME = AccentColor;
				CODE_SIGN_STYLE = Automatic;
				CURRENT_PROJECT_VERSION = 1;
				DEVELOPMENT_ASSET_PATHS = "\"Standups/Preview Content\"";
				DEVELOPMENT_TEAM = KK2BNA9VGL;
				ENABLE_PREVIEWS = YES;
				GENERATE_INFOPLIST_FILE = YES;
				INFOPLIST_KEY_UIApplicationSceneManifest_Generation = YES;
				INFOPLIST_KEY_UIApplicationSupportsIndirectInputEvents = YES;
				INFOPLIST_KEY_UILaunchScreen_Generation = YES;
				INFOPLIST_KEY_UISupportedInterfaceOrientations_iPad = "UIInterfaceOrientationPortrait UIInterfaceOrientationPortraitUpsideDown UIInterfaceOrientationLandscapeLeft UIInterfaceOrientationLandscapeRight";
				INFOPLIST_KEY_UISupportedInterfaceOrientations_iPhone = "UIInterfaceOrientationPortrait UIInterfaceOrientationLandscapeLeft UIInterfaceOrientationLandscapeRight";
				LD_RUNPATH_SEARCH_PATHS = (
					"$(inherited)",
					"@executable_path/Frameworks",
				);
				MARKETING_VERSION = 1.0;
				PRODUCT_BUNDLE_IDENTIFIER = com.danydev.Standups;
				PRODUCT_NAME = "$(TARGET_NAME)";
				SWIFT_EMIT_LOC_STRINGS = YES;
				SWIFT_STRICT_CONCURRENCY = complete;
				SWIFT_VERSION = 5.0;
				TARGETED_DEVICE_FAMILY = "1,2";
			};
			name = Debug;
		};
		650AC2212AD408F8008FBF2C /* Release */ = {
			isa = XCBuildConfiguration;
			buildSettings = {
				ASSETCATALOG_COMPILER_APPICON_NAME = AppIcon;
				ASSETCATALOG_COMPILER_GLOBAL_ACCENT_COLOR_NAME = AccentColor;
				CODE_SIGN_STYLE = Automatic;
				CURRENT_PROJECT_VERSION = 1;
				DEVELOPMENT_ASSET_PATHS = "\"Standups/Preview Content\"";
				DEVELOPMENT_TEAM = KK2BNA9VGL;
				ENABLE_PREVIEWS = YES;
				GENERATE_INFOPLIST_FILE = YES;
				INFOPLIST_KEY_UIApplicationSceneManifest_Generation = YES;
				INFOPLIST_KEY_UIApplicationSupportsIndirectInputEvents = YES;
				INFOPLIST_KEY_UILaunchScreen_Generation = YES;
				INFOPLIST_KEY_UISupportedInterfaceOrientations_iPad = "UIInterfaceOrientationPortrait UIInterfaceOrientationPortraitUpsideDown UIInterfaceOrientationLandscapeLeft UIInterfaceOrientationLandscapeRight";
				INFOPLIST_KEY_UISupportedInterfaceOrientations_iPhone = "UIInterfaceOrientationPortrait UIInterfaceOrientationLandscapeLeft UIInterfaceOrientationLandscapeRight";
				LD_RUNPATH_SEARCH_PATHS = (
					"$(inherited)",
					"@executable_path/Frameworks",
				);
				MARKETING_VERSION = 1.0;
				PRODUCT_BUNDLE_IDENTIFIER = com.danydev.Standups;
				PRODUCT_NAME = "$(TARGET_NAME)";
				SWIFT_EMIT_LOC_STRINGS = YES;
				SWIFT_STRICT_CONCURRENCY = complete;
				SWIFT_VERSION = 5.0;
				TARGETED_DEVICE_FAMILY = "1,2";
			};
			name = Release;
		};
		650AC2232AD408F8008FBF2C /* Debug */ = {
			isa = XCBuildConfiguration;
			buildSettings = {
				ALWAYS_EMBED_SWIFT_STANDARD_LIBRARIES = YES;
				BUNDLE_LOADER = "$(TEST_HOST)";
				CODE_SIGN_STYLE = Automatic;
				CURRENT_PROJECT_VERSION = 1;
				DEVELOPMENT_TEAM = KK2BNA9VGL;
				GENERATE_INFOPLIST_FILE = YES;
				IPHONEOS_DEPLOYMENT_TARGET = 17.0;
				MARKETING_VERSION = 1.0;
				PRODUCT_BUNDLE_IDENTIFIER = com.danydev.StandupsTests;
				PRODUCT_NAME = "$(TARGET_NAME)";
				SWIFT_EMIT_LOC_STRINGS = NO;
				SWIFT_VERSION = 5.0;
				TARGETED_DEVICE_FAMILY = "1,2";
				TEST_HOST = "$(BUILT_PRODUCTS_DIR)/Standups.app/$(BUNDLE_EXECUTABLE_FOLDER_PATH)/Standups";
			};
			name = Debug;
		};
		650AC2242AD408F8008FBF2C /* Release */ = {
			isa = XCBuildConfiguration;
			buildSettings = {
				ALWAYS_EMBED_SWIFT_STANDARD_LIBRARIES = YES;
				BUNDLE_LOADER = "$(TEST_HOST)";
				CODE_SIGN_STYLE = Automatic;
				CURRENT_PROJECT_VERSION = 1;
				DEVELOPMENT_TEAM = KK2BNA9VGL;
				GENERATE_INFOPLIST_FILE = YES;
				IPHONEOS_DEPLOYMENT_TARGET = 17.0;
				MARKETING_VERSION = 1.0;
				PRODUCT_BUNDLE_IDENTIFIER = com.danydev.StandupsTests;
				PRODUCT_NAME = "$(TARGET_NAME)";
				SWIFT_EMIT_LOC_STRINGS = NO;
				SWIFT_VERSION = 5.0;
				TARGETED_DEVICE_FAMILY = "1,2";
				TEST_HOST = "$(BUILT_PRODUCTS_DIR)/Standups.app/$(BUNDLE_EXECUTABLE_FOLDER_PATH)/Standups";
			};
			name = Release;
		};
/* End XCBuildConfiguration section */

/* Begin XCConfigurationList section */
		650AC1F62AD408F6008FBF2C /* Build configuration list for PBXProject "Standups" */ = {
			isa = XCConfigurationList;
			buildConfigurations = (
				650AC21D2AD408F8008FBF2C /* Debug */,
				650AC21E2AD408F8008FBF2C /* Release */,
			);
			defaultConfigurationIsVisible = 0;
			defaultConfigurationName = Release;
		};
		650AC21F2AD408F8008FBF2C /* Build configuration list for PBXNativeTarget "Standups" */ = {
			isa = XCConfigurationList;
			buildConfigurations = (
				650AC2202AD408F8008FBF2C /* Debug */,
				650AC2212AD408F8008FBF2C /* Release */,
			);
			defaultConfigurationIsVisible = 0;
			defaultConfigurationName = Release;
		};
		650AC2222AD408F8008FBF2C /* Build configuration list for PBXNativeTarget "StandupsTests" */ = {
			isa = XCConfigurationList;
			buildConfigurations = (
				650AC2232AD408F8008FBF2C /* Debug */,
				650AC2242AD408F8008FBF2C /* Release */,
			);
			defaultConfigurationIsVisible = 0;
			defaultConfigurationName = Release;
		};
/* End XCConfigurationList section */

/* Begin XCRemoteSwiftPackageReference section */
		650AC22C2AD40B21008FBF2C /* XCRemoteSwiftPackageReference "swift-tagged" */ = {
			isa = XCRemoteSwiftPackageReference;
			repositoryURL = "https://github.com/pointfreeco/swift-tagged";
			requirement = {
				kind = upToNextMajorVersion;
				minimumVersion = 0.10.0;
			};
		};
		650AC22F2AD421BE008FBF2C /* XCRemoteSwiftPackageReference "swiftui-navigation" */ = {
			isa = XCRemoteSwiftPackageReference;
			repositoryURL = "https://github.com/pointfreeco/swiftui-navigation";
			requirement = {
				kind = upToNextMajorVersion;
				minimumVersion = 1.0.2;
			};
		};
		65CBEAEA2AD67CE700F69DC1 /* XCRemoteSwiftPackageReference "swift-identified-collections" */ = {
			isa = XCRemoteSwiftPackageReference;
			repositoryURL = "https://github.com/pointfreeco/swift-identified-collections";
			requirement = {
				kind = upToNextMajorVersion;
				minimumVersion = 1.0.0;
			};
		};
/* End XCRemoteSwiftPackageReference section */

/* Begin XCSwiftPackageProductDependency section */
		650AC22D2AD40B21008FBF2C /* Tagged */ = {
			isa = XCSwiftPackageProductDependency;
			package = 650AC22C2AD40B21008FBF2C /* XCRemoteSwiftPackageReference "swift-tagged" */;
			productName = Tagged;
		};
		650AC2302AD421BE008FBF2C /* SwiftUINavigation */ = {
			isa = XCSwiftPackageProductDependency;
			package = 650AC22F2AD421BE008FBF2C /* XCRemoteSwiftPackageReference "swiftui-navigation" */;
			productName = SwiftUINavigation;
		};
		65CBEAEB2AD67CE700F69DC1 /* IdentifiedCollections */ = {
			isa = XCSwiftPackageProductDependency;
			package = 65CBEAEA2AD67CE700F69DC1 /* XCRemoteSwiftPackageReference "swift-identified-collections" */;
			productName = IdentifiedCollections;
		};
/* End XCSwiftPackageProductDependency section */
	};
	rootObject = 650AC1F32AD408F6008FBF2C /* Project object */;
}
